
Microsoft Visual Studio Solution File, Format Version 12.00
# Visual Studio 14
VisualStudioVersion = 14.0.25123.0
MinimumVisualStudioVersion = 10.0.40219.1
Project("{FAE04EC0-301F-11D3-BF4B-00C04F79EFBC}") = "ShelvesetComparer", "ShelvesetComparer\ShelvesetComparer.csproj", "{B63E4DB4-AA73-419A-B650-20DEF861E94C}"
EndProject
Global
	GlobalSection(SolutionConfigurationPlatforms) = preSolution
		VS2012_Debug|Any CPU = VS2012_Debug|Any CPU
		VS2012_Release|Any CPU = VS2012_Release|Any CPU
		VS2013_Debug|Any CPU = VS2013_Debug|Any CPU
		VS2013_Release|Any CPU = VS2013_Release|Any CPU
		VS2015_Debug|Any CPU = VS2015_Debug|Any CPU
		VS2015_Release|Any CPU = VS2015_Release|Any CPU
	EndGlobalSection
	GlobalSection(ProjectConfigurationPlatforms) = postSolution
		{B63E4DB4-AA73-419A-B650-20DEF861E94C}.VS2012_Debug|Any CPU.ActiveCfg = VS2012_Debug|Any CPU
		{B63E4DB4-AA73-419A-B650-20DEF861E94C}.VS2012_Debug|Any CPU.Build.0 = VS2012_Debug|Any CPU
		{B63E4DB4-AA73-419A-B650-20DEF861E94C}.VS2012_Release|Any CPU.ActiveCfg = VS2012_Release|Any CPU
		{B63E4DB4-AA73-419A-B650-20DEF861E94C}.VS2012_Release|Any CPU.Build.0 = VS2012_Release|Any CPU
		{B63E4DB4-AA73-419A-B650-20DEF861E94C}.VS2013_Debug|Any CPU.ActiveCfg = VS2013_Debug|Any CPU
		{B63E4DB4-AA73-419A-B650-20DEF861E94C}.VS2013_Debug|Any CPU.Build.0 = VS2013_Debug|Any CPU
		{B63E4DB4-AA73-419A-B650-20DEF861E94C}.VS2013_Release|Any CPU.ActiveCfg = VS2013_Release|Any CPU
		{B63E4DB4-AA73-419A-B650-20DEF861E94C}.VS2013_Release|Any CPU.Build.0 = VS2013_Release|Any CPU
		{B63E4DB4-AA73-419A-B650-20DEF861E94C}.VS2015_Debug|Any CPU.ActiveCfg = VS2015_Debug|Any CPU
		{B63E4DB4-AA73-419A-B650-20DEF861E94C}.VS2015_Debug|Any CPU.Build.0 = VS2015_Debug|Any CPU
		{B63E4DB4-AA73-419A-B650-20DEF861E94C}.VS2015_Release|Any CPU.ActiveCfg = VS2015_Release|Any CPU
		{B63E4DB4-AA73-419A-B650-20DEF861E94C}.VS2015_Release|Any CPU.Build.0 = VS2015_Release|Any CPU
	EndGlobalSection
	GlobalSection(SolutionProperties) = preSolution
		HideSolutionNode = FALSE
	EndGlobalSection
EndGlobal
